
Microsoft Visual Studio Solution File, Format Version 12.00
# Visual Studio 15
Project("{FAE04EC0-301F-11D3-BF4B-00C04F79EFBC}") = "Assembly-CSharp", "Assembly-CSharp.csproj", "{575E9CB2-66CE-1788-B9BC-8260939391D8}"
EndProject
Project("{FAE04EC0-301F-11D3-BF4B-00C04F79EFBC}") = "Assembly-CSharp-firstpass", "Assembly-CSharp-firstpass.csproj", "{D93D8DAA-57FB-43A3-AFA0-CF4B0C79A664}"
EndProject
Project("{FAE04EC0-301F-11D3-BF4B-00C04F79EFBC}") = "Assembly-CSharp-Editor-firstpass", "Assembly-CSharp-Editor-firstpass.csproj", "{4B5D4D1F-566D-FF32-CDAA-4BB416503B08}"
EndProject
Global
	GlobalSection(SolutionConfigurationPlatforms) = preSolution
		Debug|Any CPU = Debug|Any CPU
		Release|Any CPU = Release|Any CPU
	EndGlobalSection
	GlobalSection(ProjectConfigurationPlatforms) = postSolution
		{575E9CB2-66CE-1788-B9BC-8260939391D8}.Debug|Any CPU.ActiveCfg = Debug|Any CPU
		{575E9CB2-66CE-1788-B9BC-8260939391D8}.Debug|Any CPU.Build.0 = Debug|Any CPU
		{575E9CB2-66CE-1788-B9BC-8260939391D8}.Release|Any CPU.ActiveCfg = Release|Any CPU
		{575E9CB2-66CE-1788-B9BC-8260939391D8}.Release|Any CPU.Build.0 = Release|Any CPU
		{D93D8DAA-57FB-43A3-AFA0-CF4B0C79A664}.Debug|Any CPU.ActiveCfg = Debug|Any CPU
		{D93D8DAA-57FB-43A3-AFA0-CF4B0C79A664}.Debug|Any CPU.Build.0 = Debug|Any CPU
		{D93D8DAA-57FB-43A3-AFA0-CF4B0C79A664}.Release|Any CPU.ActiveCfg = Release|Any CPU
		{D93D8DAA-57FB-43A3-AFA0-CF4B0C79A664}.Release|Any CPU.Build.0 = Release|Any CPU
		{4B5D4D1F-566D-FF32-CDAA-4BB416503B08}.Debug|Any CPU.ActiveCfg = Debug|Any CPU
		{4B5D4D1F-566D-FF32-CDAA-4BB416503B08}.Debug|Any CPU.Build.0 = Debug|Any CPU
		{4B5D4D1F-566D-FF32-CDAA-4BB416503B08}.Release|Any CPU.ActiveCfg = Release|Any CPU
		{4B5D4D1F-566D-FF32-CDAA-4BB416503B08}.Release|Any CPU.Build.0 = Release|Any CPU
	EndGlobalSection
	GlobalSection(SolutionProperties) = preSolution
		HideSolutionNode = FALSE
	EndGlobalSection
	GlobalSection(MonoDevelopProperties) = preSolution
		StartupItem = Assembly-CSharp.csproj
	EndGlobalSection
EndGlobal
